
Microsoft Visual Studio Solution File, Format Version 12.00
# Visual Studio Version 17
VisualStudioVersion = 17.14.36603.0 d17.14
MinimumVisualStudioVersion = 10.0.40219.1
Project("{FAE04EC0-301F-11D3-BF4B-00C04F79EFBC}") = "DeliveryNew", "DeliveryNew\DeliveryNew.csproj", "{B48B46DC-8D54-4402-8581-5127DA1CE83B}"
EndProject
Global
	GlobalSection(SolutionConfigurationPlatforms) = preSolution
		Debug|Any CPU = Debug|Any CPU
		Release|Any CPU = Release|Any CPU
	EndGlobalSection
	GlobalSection(ProjectConfigurationPlatforms) = postSolution
		{B48B46DC-8D54-4402-8581-5127DA1CE83B}.Debug|Any CPU.ActiveCfg = Debug|Any CPU
		{B48B46DC-8D54-4402-8581-5127DA1CE83B}.Debug|Any CPU.Build.0 = Debug|Any CPU
		{B48B46DC-8D54-4402-8581-5127DA1CE83B}.Release|Any CPU.ActiveCfg = Release|Any CPU
		{B48B46DC-8D54-4402-8581-5127DA1CE83B}.Release|Any CPU.Build.0 = Release|Any CPU
	EndGlobalSection
	GlobalSection(SolutionProperties) = preSolution
		HideSolutionNode = FALSE
	EndGlobalSection
	GlobalSection(ExtensibilityGlobals) = postSolution
		SolutionGuid = {7D09BABC-2FC5-4D0F-8049-A1358DDF0097}
	EndGlobalSection
EndGlobal
